
Microsoft Visual Studio Solution File, Format Version 12.00
# Visual Studio Version 17
VisualStudioVersion = 17.11.35312.102
MinimumVisualStudioVersion = 10.0.40219.1
Project("{FAE04EC0-301F-11D3-BF4B-00C04F79EFBC}") = "LittleFashion", "LittleFashion\LittleFashion.csproj", "{592173A9-F029-4625-B553-6C6E6F41B90D}"
EndProject
Global
	GlobalSection(SolutionConfigurationPlatforms) = preSolution
		Debug|Any CPU = Debug|Any CPU
		Release|Any CPU = Release|Any CPU
	EndGlobalSection
	GlobalSection(ProjectConfigurationPlatforms) = postSolution
		{592173A9-F029-4625-B553-6C6E6F41B90D}.Debug|Any CPU.ActiveCfg = Debug|Any CPU
		{592173A9-F029-4625-B553-6C6E6F41B90D}.Debug|Any CPU.Build.0 = Debug|Any CPU
		{592173A9-F029-4625-B553-6C6E6F41B90D}.Release|Any CPU.ActiveCfg = Release|Any CPU
		{592173A9-F029-4625-B553-6C6E6F41B90D}.Release|Any CPU.Build.0 = Release|Any CPU
	EndGlobalSection
	GlobalSection(SolutionProperties) = preSolution
		HideSolutionNode = FALSE
	EndGlobalSection
	GlobalSection(ExtensibilityGlobals) = postSolution
		SolutionGuid = {57F202D3-B805-4CBB-9992-7EB9101D3F85}
	EndGlobalSection
EndGlobal
